// !$*UTF8*$!
{
	archiveVersion = 1;
	classes = {
	};
	objectVersion = 46;
	objects = {

/* Begin PBXBuildFile section */
		A6D10FDD1D45888200AA54FC /* AppDelegate.swift in Sources */ = {isa = PBXBuildFile; fileRef = A6D10FDC1D45888200AA54FC /* AppDelegate.swift */; };
		A6D10FDF1D45888200AA54FC /* ViewController.swift in Sources */ = {isa = PBXBuildFile; fileRef = A6D10FDE1D45888200AA54FC /* ViewController.swift */; };
		A6D10FE21D45888200AA54FC /* Main.storyboard in Resources */ = {isa = PBXBuildFile; fileRef = A6D10FE01D45888200AA54FC /* Main.storyboard */; };
		A6D10FE41D45888200AA54FC /* Assets.xcassets in Resources */ = {isa = PBXBuildFile; fileRef = A6D10FE31D45888200AA54FC /* Assets.xcassets */; };
		A6D10FE71D45888200AA54FC /* LaunchScreen.storyboard in Resources */ = {isa = PBXBuildFile; fileRef = A6D10FE51D45888200AA54FC /* LaunchScreen.storyboard */; };
		A6D10FF21D45888200AA54FC /* e_man_codetestTests.swift in Sources */ = {isa = PBXBuildFile; fileRef = A6D10FF11D45888200AA54FC /* e_man_codetestTests.swift */; };
/* End PBXBuildFile section */

/* Begin PBXContainerItemProxy section */
		A6D10FEE1D45888200AA54FC /* PBXContainerItemProxy */ = {
			isa = PBXContainerItemProxy;
			containerPortal = A6D10FD11D45888100AA54FC /* Project object */;
			proxyType = 1;
			remoteGlobalIDString = A6D10FD81D45888100AA54FC;
			remoteInfo = "e-man-codetest";
		};
/* End PBXContainerItemProxy section */

/* Begin PBXFileReference section */
		A6D10FD91D45888100AA54FC /* e-man-codetest.app */ = {isa = PBXFileReference; explicitFileType = wrapper.application; includeInIndex = 0; path = "e-man-codetest.app"; sourceTree = BUILT_PRODUCTS_DIR; };
		A6D10FDC1D45888200AA54FC /* AppDelegate.swift */ = {isa = PBXFileReference; lastKnownFileType = sourcecode.swift; path = AppDelegate.swift; sourceTree = "<group>"; };
		A6D10FDE1D45888200AA54FC /* ViewController.swift */ = {isa = PBXFileReference; lastKnownFileType = sourcecode.swift; path = ViewController.swift; sourceTree = "<group>"; };
		A6D10FE11D45888200AA54FC /* Base */ = {isa = PBXFileReference; lastKnownFileType = file.storyboard; name = Base; path = Base.lproj/Main.storyboard; sourceTree = "<group>"; };
		A6D10FE31D45888200AA54FC /* Assets.xcassets */ = {isa = PBXFileReference; lastKnownFileType = folder.assetcatalog; path = Assets.xcassets; sourceTree = "<group>"; };
		A6D10FE61D45888200AA54FC /* Base */ = {isa = PBXFileReference; lastKnownFileType = file.storyboard; name = Base; path = Base.lproj/LaunchScreen.storyboard; sourceTree = "<group>"; };
		A6D10FE81D45888200AA54FC /* Info.plist */ = {isa = PBXFileReference; lastKnownFileType = text.plist.xml; path = Info.plist; sourceTree = "<group>"; };
		A6D10FED1D45888200AA54FC /* e-man-codetestTests.xctest */ = {isa = PBXFileReference; explicitFileType = wrapper.cfbundle; includeInIndex = 0; path = "e-man-codetestTests.xctest"; sourceTree = BUILT_PRODUCTS_DIR; };
		A6D10FF11D45888200AA54FC /* e_man_codetestTests.swift */ = {isa = PBXFileReference; lastKnownFileType = sourcecode.swift; path = e_man_codetestTests.swift; sourceTree = "<group>"; };
		A6D10FF31D45888200AA54FC /* Info.plist */ = {isa = PBXFileReference; lastKnownFileType = text.plist.xml; path = Info.plist; sourceTree = "<group>"; };
/* End PBXFileReference section */

/* Begin PBXFrameworksBuildPhase section */
		A6D10FD61D45888100AA54FC /* Frameworks */ = {
			isa = PBXFrameworksBuildPhase;
			buildActionMask = 2147483647;
			files = (
			);
			runOnlyForDeploymentPostprocessing = 0;
		};
		A6D10FEA1D45888200AA54FC /* Frameworks */ = {
			isa = PBXFrameworksBuildPhase;
			buildActionMask = 2147483647;
			files = (
			);
			runOnlyForDeploymentPostprocessing = 0;
		};
/* End PBXFrameworksBuildPhase section */

/* Begin PBXGroup section */
		A6D10FD01D45888100AA54FC = {
			isa = PBXGroup;
			children = (
				A6D10FDB1D45888100AA54FC /* e-man-codetest */,
				A6D10FF01D45888200AA54FC /* e-man-codetestTests */,
				A6D10FDA1D45888100AA54FC /* Products */,
			);
			sourceTree = "<group>";
		};
		A6D10FDA1D45888100AA54FC /* Products */ = {
			isa = PBXGroup;
			children = (
				A6D10FD91D45888100AA54FC /* e-man-codetest.app */,
				A6D10FED1D45888200AA54FC /* e-man-codetestTests.xctest */,
			);
			name = Products;
			sourceTree = "<group>";
		};
		A6D10FDB1D45888100AA54FC /* e-man-codetest */ = {
			isa = PBXGroup;
			children = (
				A6D10FDC1D45888200AA54FC /* AppDelegate.swift */,
				A6D10FDE1D45888200AA54FC /* ViewController.swift */,
				A6D10FE01D45888200AA54FC /* Main.storyboard */,
				A6D10FE31D45888200AA54FC /* Assets.xcassets */,
				A6D10FE51D45888200AA54FC /* LaunchScreen.storyboard */,
				A6D10FE81D45888200AA54FC /* Info.plist */,
			);
			path = "e-man-codetest";
			sourceTree = "<group>";
		};
		A6D10FF01D45888200AA54FC /* e-man-codetestTests */ = {
			isa = PBXGroup;
			children = (
				A6D10FF11D45888200AA54FC /* e_man_codetestTests.swift */,
				A6D10FF31D45888200AA54FC /* Info.plist */,
			);
			path = "e-man-codetestTests";
			sourceTree = "<group>";
		};
/* End PBXGroup section */

/* Begin PBXNativeTarget section */
		A6D10FD81D45888100AA54FC /* e-man-codetest */ = {
			isa = PBXNativeTarget;
			buildConfigurationList = A6D10FF61D45888200AA54FC /* Build configuration list for PBXNativeTarget "e-man-codetest" */;
			buildPhases = (
				A6D10FD51D45888100AA54FC /* Sources */,
				A6D10FD61D45888100AA54FC /* Frameworks */,
				A6D10FD71D45888100AA54FC /* Resources */,
			);
			buildRules = (
			);
			dependencies = (
			);
			name = "e-man-codetest";
			productName = "e-man-codetest";
			productReference = A6D10FD91D45888100AA54FC /* e-man-codetest.app */;
			productType = "com.apple.product-type.application";
		};
		A6D10FEC1D45888200AA54FC /* e-man-codetestTests */ = {
			isa = PBXNativeTarget;
			buildConfigurationList = A6D10FF91D45888200AA54FC /* Build configuration list for PBXNativeTarget "e-man-codetestTests" */;
			buildPhases = (
				A6D10FE91D45888200AA54FC /* Sources */,
				A6D10FEA1D45888200AA54FC /* Frameworks */,
				A6D10FEB1D45888200AA54FC /* Resources */,
			);
			buildRules = (
			);
			dependencies = (
				A6D10FEF1D45888200AA54FC /* PBXTargetDependency */,
			);
			name = "e-man-codetestTests";
			productName = "e-man-codetestTests";
			productReference = A6D10FED1D45888200AA54FC /* e-man-codetestTests.xctest */;
			productType = "com.apple.product-type.bundle.unit-test";
		};
/* End PBXNativeTarget section */

/* Begin PBXProject section */
		A6D10FD11D45888100AA54FC /* Project object */ = {
			isa = PBXProject;
			attributes = {
				LastSwiftUpdateCheck = 0730;
				LastUpgradeCheck = 0730;
				ORGANIZATIONNAME = "Alex Stuckey";
				TargetAttributes = {
					A6D10FD81D45888100AA54FC = {
						CreatedOnToolsVersion = 7.3.1;
					};
					A6D10FEC1D45888200AA54FC = {
						CreatedOnToolsVersion = 7.3.1;
						TestTargetID = A6D10FD81D45888100AA54FC;
					};
				};
			};
			buildConfigurationList = A6D10FD41D45888100AA54FC /* Build configuration list for PBXProject "e-man-codetest" */;
			compatibilityVersion = "Xcode 3.2";
			developmentRegion = English;
			hasScannedForEncodings = 0;
			knownRegions = (
				en,
				Base,
			);
			mainGroup = A6D10FD01D45888100AA54FC;
			productRefGroup = A6D10FDA1D45888100AA54FC /* Products */;
			projectDirPath = "";
			projectRoot = "";
			targets = (
				A6D10FD81D45888100AA54FC /* e-man-codetest */,
				A6D10FEC1D45888200AA54FC /* e-man-codetestTests */,
			);
		};
/* End PBXProject section */

/* Begin PBXResourcesBuildPhase section */
		A6D10FD71D45888100AA54FC /* Resources */ = {
			isa = PBXResourcesBuildPhase;
			buildActionMask = 2147483647;
			files = (
				A6D10FE71D45888200AA54FC /* LaunchScreen.storyboard in Resources */,
				A6D10FE41D45888200AA54FC /* Assets.xcassets in Resources */,
				A6D10FE21D45888200AA54FC /* Main.storyboard in Resources */,
			);
			runOnlyForDeploymentPostprocessing = 0;
		};
		A6D10FEB1D45888200AA54FC /* Resources */ = {
			isa = PBXResourcesBuildPhase;
			buildActionMask = 2147483647;
			files = (
			);
			runOnlyForDeploymentPostprocessing = 0;
		};
/* End PBXResourcesBuildPhase section */

/* Begin PBXSourcesBuildPhase section */
		A6D10FD51D45888100AA54FC /* Sources */ = {
			isa = PBXSourcesBuildPhase;
			buildActionMask = 2147483647;
			files = (
				A6D10FDF1D45888200AA54FC /* ViewController.swift in Sources */,
				A6D10FDD1D45888200AA54FC /* AppDelegate.swift in Sources */,
			);
			runOnlyForDeploymentPostprocessing = 0;
		};
		A6D10FE91D45888200AA54FC /* Sources */ = {
			isa = PBXSourcesBuildPhase;
			buildActionMask = 2147483647;
			files = (
				A6D10FF21D45888200AA54FC /* e_man_codetestTests.swift in Sources */,
			);
			runOnlyForDeploymentPostprocessing = 0;
		};
/* End PBXSourcesBuildPhase section */

/* Begin PBXTargetDependency section */
		A6D10FEF1D45888200AA54FC /* PBXTargetDependency */ = {
			isa = PBXTargetDependency;
			target = A6D10FD81D45888100AA54FC /* e-man-codetest */;
			targetProxy = A6D10FEE1D45888200AA54FC /* PBXContainerItemProxy */;
		};
/* End PBXTargetDependency section */

/* Begin PBXVariantGroup section */
		A6D10FE01D45888200AA54FC /* Main.storyboard */ = {
			isa = PBXVariantGroup;
			children = (
				A6D10FE11D45888200AA54FC /* Base */,
			);
			name = Main.storyboard;
			sourceTree = "<group>";
		};
		A6D10FE51D45888200AA54FC /* LaunchScreen.storyboard */ = {
			isa = PBXVariantGroup;
			children = (
				A6D10FE61D45888200AA54FC /* Base */,
			);
			name = LaunchScreen.storyboard;
			sourceTree = "<group>";
		};
/* End PBXVariantGroup section */

/* Begin XCBuildConfiguration section */
		A6D10FF41D45888200AA54FC /* Debug */ = {
			isa = XCBuildConfiguration;
			buildSettings = {
				ALWAYS_SEARCH_USER_PATHS = NO;
				CLANG_ANALYZER_NONNULL = YES;
				CLANG_CXX_LANGUAGE_STANDARD = "gnu++0x";
				CLANG_CXX_LIBRARY = "libc++";
				CLANG_ENABLE_MODULES = YES;
				CLANG_ENABLE_OBJC_ARC = YES;
				CLANG_WARN_BOOL_CONVERSION = YES;
				CLANG_WARN_CONSTANT_CONVERSION = YES;
				CLANG_WARN_DIRECT_OBJC_ISA_USAGE = YES_ERROR;
				CLANG_WARN_EMPTY_BODY = YES;
				CLANG_WARN_ENUM_CONVERSION = YES;
				CLANG_WARN_INT_CONVERSION = YES;
				CLANG_WARN_OBJC_ROOT_CLASS = YES_ERROR;
				CLANG_WARN_UNREACHABLE_CODE = YES;
				CLANG_WARN__DUPLICATE_METHOD_MATCH = YES;
				"CODE_SIGN_IDENTITY[sdk=iphoneos*]" = "iPhone Developer";
				COPY_PHASE_STRIP = NO;
				DEBUG_INFORMATION_FORMAT = dwarf;
				ENABLE_STRICT_OBJC_MSGSEND = YES;
				ENABLE_TESTABILITY = YES;
				GCC_C_LANGUAGE_STANDARD = gnu99;
				GCC_DYNAMIC_NO_PIC = NO;
				GCC_NO_COMMON_BLOCKS = YES;
				GCC_OPTIMIZATION_LEVEL = 0;
				GCC_PREPROCESSOR_DEFINITIONS = (
					"DEBUG=1",
					"$(inherited)",
				);
				GCC_WARN_64_TO_32_BIT_CONVERSION = YES;
				GCC_WARN_ABOUT_RETURN_TYPE = YES_ERROR;
				GCC_WARN_UNDECLARED_SELECTOR = YES;
				GCC_WARN_UNINITIALIZED_AUTOS = YES_AGGRESSIVE;
				GCC_WARN_UNUSED_FUNCTION = YES;
				GCC_WARN_UNUSED_VARIABLE = YES;
				IPHONEOS_DEPLOYMENT_TARGET = 9.3;
				MTL_ENABLE_DEBUG_INFO = YES;
				ONLY_ACTIVE_ARCH = YES;
				SDKROOT = iphoneos;
				SWIFT_OPTIMIZATION_LEVEL = "-Onone";
			};
			name = Debug;
		};
		A6D10FF51D45888200AA54FC /* Release */ = {
			isa = XCBuildConfiguration;
			buildSettings = {
				ALWAYS_SEARCH_USER_PATHS = NO;
				CLANG_ANALYZER_NONNULL = YES;
				CLANG_CXX_LANGUAGE_STANDARD = "gnu++0x";
				CLANG_CXX_LIBRARY = "libc++";
				CLANG_ENABLE_MODULES = YES;
				CLANG_ENABLE_OBJC_ARC = YES;
				CLANG_WARN_BOOL_CONVERSION = YES;
				CLANG_WARN_CONSTANT_CONVERSION = YES;
				CLANG_WARN_DIRECT_OBJC_ISA_USAGE = YES_ERROR;
				CLANG_WARN_EMPTY_BODY = YES;
				CLANG_WARN_ENUM_CONVERSION = YES;
				CLANG_WARN_INT_CONVERSION = YES;
				CLANG_WARN_OBJC_ROOT_CLASS = YES_ERROR;
				CLANG_WARN_UNREACHABLE_CODE = YES;
				CLANG_WARN__DUPLICATE_METHOD_MATCH = YES;
				"CODE_SIGN_IDENTITY[sdk=iphoneos*]" = "iPhone Developer";
				COPY_PHASE_STRIP = NO;
				DEBUG_INFORMATION_FORMAT = "dwarf-with-dsym";
				ENABLE_NS_ASSERTIONS = NO;
				ENABLE_STRICT_OBJC_MSGSEND = YES;
				GCC_C_LANGUAGE_STANDARD = gnu99;
				GCC_NO_COMMON_BLOCKS = YES;
				GCC_WARN_64_TO_32_BIT_CONVERSION = YES;
				GCC_WARN_ABOUT_RETURN_TYPE = YES_ERROR;
				GCC_WARN_UNDECLARED_SELECTOR = YES;
				GCC_WARN_UNINITIALIZED_AUTOS = YES_AGGRESSIVE;
				GCC_WARN_UNUSED_FUNCTION = YES;
				GCC_WARN_UNUSED_VARIABLE = YES;
				IPHONEOS_DEPLOYMENT_TARGET = 9.3;
				MTL_ENABLE_DEBUG_INFO = NO;
				SDKROOT = iphoneos;
				VALIDATE_PRODUCT = YES;
			};
			name = Release;
		};
		A6D10FF71D45888200AA54FC /* Debug */ = {
			isa = XCBuildConfiguration;
			buildSettings = {
				ASSETCATALOG_COMPILER_APPICON_NAME = AppIcon;
				INFOPLIST_FILE = "e-man-codetest/Info.plist";
				LD_RUNPATH_SEARCH_PATHS = "$(inherited) @executable_path/Frameworks";
				PRODUCT_BUNDLE_IDENTIFIER = "stuckey.e-man-codetest";
				PRODUCT_NAME = "$(TARGET_NAME)";
			};
			name = Debug;
		};
		A6D10FF81D45888200AA54FC /* Release */ = {
			isa = XCBuildConfiguration;
			buildSettings = {
				ASSETCATALOG_COMPILER_APPICON_NAME = AppIcon;
				INFOPLIST_FILE = "e-man-codetest/Info.plist";
				LD_RUNPATH_SEARCH_PATHS = "$(inherited) @executable_path/Frameworks";
				PRODUCT_BUNDLE_IDENTIFIER = "stuckey.e-man-codetest";
				PRODUCT_NAME = "$(TARGET_NAME)";
			};
			name = Release;
		};
		A6D10FFA1D45888200AA54FC /* Debug */ = {
			isa = XCBuildConfiguration;
			buildSettings = {
				BUNDLE_LOADER = "$(TEST_HOST)";
				INFOPLIST_FILE = "e-man-codetestTests/Info.plist";
				LD_RUNPATH_SEARCH_PATHS = "$(inherited) @executable_path/Frameworks @loader_path/Frameworks";
				PRODUCT_BUNDLE_IDENTIFIER = "stuckey.e-man-codetestTests";
				PRODUCT_NAME = "$(TARGET_NAME)";
				TEST_HOST = "$(BUILT_PRODUCTS_DIR)/e-man-codetest.app/e-man-codetest";
			};
			name = Debug;
		};
		A6D10FFB1D45888200AA54FC /* Release */ = {
			isa = XCBuildConfiguration;
			buildSettings = {
				BUNDLE_LOADER = "$(TEST_HOST)";
				INFOPLIST_FILE = "e-man-codetestTests/Info.plist";
				LD_RUNPATH_SEARCH_PATHS = "$(inherited) @executable_path/Frameworks @loader_path/Frameworks";
				PRODUCT_BUNDLE_IDENTIFIER = "stuckey.e-man-codetestTests";
				PRODUCT_NAME = "$(TARGET_NAME)";
				TEST_HOST = "$(BUILT_PRODUCTS_DIR)/e-man-codetest.app/e-man-codetest";
			};
			name = Release;
		};
/* End XCBuildConfiguration section */

/* Begin XCConfigurationList section */
		A6D10FD41D45888100AA54FC /* Build configuration list for PBXProject "e-man-codetest" */ = {
			isa = XCConfigurationList;
			buildConfigurations = (
				A6D10FF41D45888200AA54FC /* Debug */,
				A6D10FF51D45888200AA54FC /* Release */,
			);
			defaultConfigurationIsVisible = 0;
			defaultConfigurationName = Release;
		};
		A6D10FF61D45888200AA54FC /* Build configuration list for PBXNativeTarget "e-man-codetest" */ = {
			isa = XCConfigurationList;
			buildConfigurations = (
				A6D10FF71D45888200AA54FC /* Debug */,
				A6D10FF81D45888200AA54FC /* Release */,
			);
			defaultConfigurationIsVisible = 0;
		};
		A6D10FF91D45888200AA54FC /* Build configuration list for PBXNativeTarget "e-man-codetestTests" */ = {
			isa = XCConfigurationList;
			buildConfigurations = (
				A6D10FFA1D45888200AA54FC /* Debug */,
				A6D10FFB1D45888200AA54FC /* Release */,
			);
			defaultConfigurationIsVisible = 0;
		};
/* End XCConfigurationList section */
	};
	rootObject = A6D10FD11D45888100AA54FC /* Project object */;
}
